// !$*UTF8*$!
{
	archiveVersion = 1;
	classes = {
	};
	objectVersion = 46;
	objects = {

/* Begin PBXBuildFile section */
		17710E2C1F5CE84000C69DF7 /* main.m in Sources */ = {isa = PBXBuildFile; fileRef = 17710E2B1F5CE84000C69DF7 /* main.m */; };
		17710E351F5CE84000C69DF7 /* Main.storyboard in Resources */ = {isa = PBXBuildFile; fileRef = 17710E331F5CE84000C69DF7 /* Main.storyboard */; };
		17710E371F5CE84000C69DF7 /* Assets.xcassets in Resources */ = {isa = PBXBuildFile; fileRef = 17710E361F5CE84000C69DF7 /* Assets.xcassets */; };
		17710E3A1F5CE84000C69DF7 /* LaunchScreen.storyboard in Resources */ = {isa = PBXBuildFile; fileRef = 17710E381F5CE84000C69DF7 /* LaunchScreen.storyboard */; };
		179FE24D1F67AD2800CB6DD7 /* SFMediator.m in Sources */ = {isa = PBXBuildFile; fileRef = 179FE24C1F67AD2800CB6DD7 /* SFMediator.m */; };
		179FE2501F67AD6500CB6DD7 /* AppProtocol.h in Sources */ = {isa = PBXBuildFile; fileRef = 179FE24F1F67AD5A00CB6DD7 /* AppProtocol.h */; };
		179FE25B1F67AE6300CB6DD7 /* AppDelegate.m in Sources */ = {isa = PBXBuildFile; fileRef = 179FE2561F67AE6300CB6DD7 /* AppDelegate.m */; };
		179FE25C1F67AE6300CB6DD7 /* AppProtocolTarget.m in Sources */ = {isa = PBXBuildFile; fileRef = 179FE2581F67AE6300CB6DD7 /* AppProtocolTarget.m */; };
		179FE25D1F67AE6300CB6DD7 /* ViewController.m in Sources */ = {isa = PBXBuildFile; fileRef = 179FE25A1F67AE6300CB6DD7 /* ViewController.m */; };
		179FE2601F67AE7900CB6DD7 /* SFMediator+SFAdd.m in Sources */ = {isa = PBXBuildFile; fileRef = 179FE25F1F67AE7900CB6DD7 /* SFMediator+SFAdd.m */; };
		17F80577207F43D700E30404 /* UIApplication+SFAddMediator.m in Sources */ = {isa = PBXBuildFile; fileRef = 17F80576207F43D700E30404 /* UIApplication+SFAddMediator.m */; };
		17F8057B207F4C8900E30404 /* SFMediatorParser.m in Sources */ = {isa = PBXBuildFile; fileRef = 17F8057A207F4C8900E30404 /* SFMediatorParser.m */; };
/* End PBXBuildFile section */

/* Begin PBXFileReference section */
		172456D020858C710008F06D /* SFMediatorTargetProtocol.h */ = {isa = PBXFileReference; lastKnownFileType = sourcecode.c.h; path = SFMediatorTargetProtocol.h; sourceTree = "<group>"; };
		172456D82085D4160008F06D /* CommonProtocol.h */ = {isa = PBXFileReference; lastKnownFileType = sourcecode.c.h; path = CommonProtocol.h; sourceTree = "<group>"; };
		17710E271F5CE84000C69DF7 /* SFMediator.app */ = {isa = PBXFileReference; explicitFileType = wrapper.application; includeInIndex = 0; path = SFMediator.app; sourceTree = BUILT_PRODUCTS_DIR; };
		17710E2B1F5CE84000C69DF7 /* main.m */ = {isa = PBXFileReference; lastKnownFileType = sourcecode.c.objc; path = main.m; sourceTree = "<group>"; };
		17710E341F5CE84000C69DF7 /* Base */ = {isa = PBXFileReference; lastKnownFileType = file.storyboard; name = Base; path = Base.lproj/Main.storyboard; sourceTree = "<group>"; };
		17710E361F5CE84000C69DF7 /* Assets.xcassets */ = {isa = PBXFileReference; lastKnownFileType = folder.assetcatalog; path = Assets.xcassets; sourceTree = "<group>"; };
		17710E391F5CE84000C69DF7 /* Base */ = {isa = PBXFileReference; lastKnownFileType = file.storyboard; name = Base; path = Base.lproj/LaunchScreen.storyboard; sourceTree = "<group>"; };
		17710E3B1F5CE84000C69DF7 /* Info.plist */ = {isa = PBXFileReference; lastKnownFileType = text.plist.xml; path = Info.plist; sourceTree = "<group>"; };
		179FE24B1F67AD2800CB6DD7 /* SFMediator.h */ = {isa = PBXFileReference; fileEncoding = 4; lastKnownFileType = sourcecode.c.h; path = SFMediator.h; sourceTree = "<group>"; };
		179FE24C1F67AD2800CB6DD7 /* SFMediator.m */ = {isa = PBXFileReference; fileEncoding = 4; lastKnownFileType = sourcecode.c.objc; path = SFMediator.m; sourceTree = "<group>"; };
		179FE24F1F67AD5A00CB6DD7 /* AppProtocol.h */ = {isa = PBXFileReference; explicitFileType = sourcecode.c.objc; fileEncoding = 4; path = AppProtocol.h; sourceTree = "<group>"; };
		179FE2551F67AE6300CB6DD7 /* AppDelegate.h */ = {isa = PBXFileReference; fileEncoding = 4; lastKnownFileType = sourcecode.c.h; path = AppDelegate.h; sourceTree = "<group>"; };
		179FE2561F67AE6300CB6DD7 /* AppDelegate.m */ = {isa = PBXFileReference; fileEncoding = 4; lastKnownFileType = sourcecode.c.objc; path = AppDelegate.m; sourceTree = "<group>"; };
		179FE2571F67AE6300CB6DD7 /* AppProtocolTarget.h */ = {isa = PBXFileReference; fileEncoding = 4; lastKnownFileType = sourcecode.c.h; path = AppProtocolTarget.h; sourceTree = "<group>"; };
		179FE2581F67AE6300CB6DD7 /* AppProtocolTarget.m */ = {isa = PBXFileReference; fileEncoding = 4; lastKnownFileType = sourcecode.c.objc; path = AppProtocolTarget.m; sourceTree = "<group>"; };
		179FE2591F67AE6300CB6DD7 /* ViewController.h */ = {isa = PBXFileReference; fileEncoding = 4; lastKnownFileType = sourcecode.c.h; path = ViewController.h; sourceTree = "<group>"; };
		179FE25A1F67AE6300CB6DD7 /* ViewController.m */ = {isa = PBXFileReference; fileEncoding = 4; lastKnownFileType = sourcecode.c.objc; path = ViewController.m; sourceTree = "<group>"; };
		179FE25E1F67AE7900CB6DD7 /* SFMediator+SFAdd.h */ = {isa = PBXFileReference; fileEncoding = 4; lastKnownFileType = sourcecode.c.h; path = "SFMediator+SFAdd.h"; sourceTree = "<group>"; };
		179FE25F1F67AE7900CB6DD7 /* SFMediator+SFAdd.m */ = {isa = PBXFileReference; fileEncoding = 4; lastKnownFileType = sourcecode.c.objc; path = "SFMediator+SFAdd.m"; sourceTree = "<group>"; };
		17F80575207F43D700E30404 /* UIApplication+SFAddMediator.h */ = {isa = PBXFileReference; fileEncoding = 4; lastKnownFileType = sourcecode.c.h; path = "UIApplication+SFAddMediator.h"; sourceTree = "<group>"; };
		17F80576207F43D700E30404 /* UIApplication+SFAddMediator.m */ = {isa = PBXFileReference; fileEncoding = 4; lastKnownFileType = sourcecode.c.objc; path = "UIApplication+SFAddMediator.m"; sourceTree = "<group>"; };
		17F80579207F4C8900E30404 /* SFMediatorParser.h */ = {isa = PBXFileReference; lastKnownFileType = sourcecode.c.h; path = SFMediatorParser.h; sourceTree = "<group>"; };
		17F8057A207F4C8900E30404 /* SFMediatorParser.m */ = {isa = PBXFileReference; lastKnownFileType = sourcecode.c.objc; path = SFMediatorParser.m; sourceTree = "<group>"; };
		17F8057C207F4CBC00E30404 /* SFMediatorParserProtocol.h */ = {isa = PBXFileReference; lastKnownFileType = sourcecode.c.h; path = SFMediatorParserProtocol.h; sourceTree = "<group>"; };
/* End PBXFileReference section */

/* Begin PBXFrameworksBuildPhase section */
		17710E241F5CE84000C69DF7 /* Frameworks */ = {
			isa = PBXFrameworksBuildPhase;
			buildActionMask = 2147483647;
			files = (
			);
			runOnlyForDeploymentPostprocessing = 0;
		};
/* End PBXFrameworksBuildPhase section */

/* Begin PBXGroup section */
		17710E1E1F5CE84000C69DF7 = {
			isa = PBXGroup;
			children = (
				17710E291F5CE84000C69DF7 /* SFMediator */,
				17710E281F5CE84000C69DF7 /* Products */,
			);
			sourceTree = "<group>";
		};
		17710E281F5CE84000C69DF7 /* Products */ = {
			isa = PBXGroup;
			children = (
				17710E271F5CE84000C69DF7 /* SFMediator.app */,
			);
			name = Products;
			sourceTree = "<group>";
		};
		17710E291F5CE84000C69DF7 /* SFMediator */ = {
			isa = PBXGroup;
			children = (
				179FE24E1F67AD4900CB6DD7 /* Protocol */,
				179FE2541F67AE1F00CB6DD7 /* App */,
				179FE24A1F67AD2800CB6DD7 /* Class */,
				17710E331F5CE84000C69DF7 /* Main.storyboard */,
				17710E361F5CE84000C69DF7 /* Assets.xcassets */,
				17710E381F5CE84000C69DF7 /* LaunchScreen.storyboard */,
				17710E3B1F5CE84000C69DF7 /* Info.plist */,
				17710E2A1F5CE84000C69DF7 /* Supporting Files */,
			);
			path = SFMediator;
			sourceTree = "<group>";
		};
		17710E2A1F5CE84000C69DF7 /* Supporting Files */ = {
			isa = PBXGroup;
			children = (
				17710E2B1F5CE84000C69DF7 /* main.m */,
			);
			name = "Supporting Files";
			sourceTree = "<group>";
		};
		179FE24A1F67AD2800CB6DD7 /* Class */ = {
			isa = PBXGroup;
			children = (
				179FE24B1F67AD2800CB6DD7 /* SFMediator.h */,
				179FE24C1F67AD2800CB6DD7 /* SFMediator.m */,
				17F80579207F4C8900E30404 /* SFMediatorParser.h */,
				17F8057A207F4C8900E30404 /* SFMediatorParser.m */,
				17F8057C207F4CBC00E30404 /* SFMediatorParserProtocol.h */,
				172456D020858C710008F06D /* SFMediatorTargetProtocol.h */,
				17F80575207F43D700E30404 /* UIApplication+SFAddMediator.h */,
				17F80576207F43D700E30404 /* UIApplication+SFAddMediator.m */,
			);
			path = Class;
			sourceTree = "<group>";
		};
		179FE24E1F67AD4900CB6DD7 /* Protocol */ = {
			isa = PBXGroup;
			children = (
				179FE24F1F67AD5A00CB6DD7 /* AppProtocol.h */,
			);
			path = Protocol;
			sourceTree = "<group>";
		};
		179FE2541F67AE1F00CB6DD7 /* App */ = {
			isa = PBXGroup;
			children = (
				179FE25E1F67AE7900CB6DD7 /* SFMediator+SFAdd.h */,
				179FE25F1F67AE7900CB6DD7 /* SFMediator+SFAdd.m */,
				179FE2551F67AE6300CB6DD7 /* AppDelegate.h */,
				179FE2561F67AE6300CB6DD7 /* AppDelegate.m */,
				179FE2571F67AE6300CB6DD7 /* AppProtocolTarget.h */,
				179FE2581F67AE6300CB6DD7 /* AppProtocolTarget.m */,
				179FE2591F67AE6300CB6DD7 /* ViewController.h */,
				179FE25A1F67AE6300CB6DD7 /* ViewController.m */,
				172456D82085D4160008F06D /* CommonProtocol.h */,
			);
			path = App;
			sourceTree = "<group>";
		};
/* End PBXGroup section */

/* Begin PBXNativeTarget section */
		17710E261F5CE84000C69DF7 /* SFMediator */ = {
			isa = PBXNativeTarget;
			buildConfigurationList = 17710E3E1F5CE84000C69DF7 /* Build configuration list for PBXNativeTarget "SFMediator" */;
			buildPhases = (
				17710E231F5CE84000C69DF7 /* Sources */,
				17710E241F5CE84000C69DF7 /* Frameworks */,
				17710E251F5CE84000C69DF7 /* Resources */,
			);
			buildRules = (
			);
			dependencies = (
			);
			name = SFMediator;
			productName = SFMediator;
			productReference = 17710E271F5CE84000C69DF7 /* SFMediator.app */;
			productType = "com.apple.product-type.application";
		};
/* End PBXNativeTarget section */

/* Begin PBXProject section */
		17710E1F1F5CE84000C69DF7 /* Project object */ = {
			isa = PBXProject;
			attributes = {
				LastUpgradeCheck = 0820;
				ORGANIZATIONNAME = YunSL;
				TargetAttributes = {
					17710E261F5CE84000C69DF7 = {
						CreatedOnToolsVersion = 8.2.1;
						ProvisioningStyle = Automatic;
					};
				};
			};
			buildConfigurationList = 17710E221F5CE84000C69DF7 /* Build configuration list for PBXProject "SFMediator" */;
			compatibilityVersion = "Xcode 3.2";
			developmentRegion = English;
			hasScannedForEncodings = 0;
			knownRegions = (
				en,
				Base,
			);
			mainGroup = 17710E1E1F5CE84000C69DF7;
			productRefGroup = 17710E281F5CE84000C69DF7 /* Products */;
			projectDirPath = "";
			projectRoot = "";
			targets = (
				17710E261F5CE84000C69DF7 /* SFMediator */,
			);
		};
/* End PBXProject section */

/* Begin PBXResourcesBuildPhase section */
		17710E251F5CE84000C69DF7 /* Resources */ = {
			isa = PBXResourcesBuildPhase;
			buildActionMask = 2147483647;
			files = (
				17710E3A1F5CE84000C69DF7 /* LaunchScreen.storyboard in Resources */,
				17710E371F5CE84000C69DF7 /* Assets.xcassets in Resources */,
				17710E351F5CE84000C69DF7 /* Main.storyboard in Resources */,
			);
			runOnlyForDeploymentPostprocessing = 0;
		};
/* End PBXResourcesBuildPhase section */

/* Begin PBXSourcesBuildPhase section */
		17710E231F5CE84000C69DF7 /* Sources */ = {
			isa = PBXSourcesBuildPhase;
			buildActionMask = 2147483647;
			files = (
				179FE25D1F67AE6300CB6DD7 /* ViewController.m in Sources */,
				179FE25B1F67AE6300CB6DD7 /* AppDelegate.m in Sources */,
				179FE2601F67AE7900CB6DD7 /* SFMediator+SFAdd.m in Sources */,
				17F8057B207F4C8900E30404 /* SFMediatorParser.m in Sources */,
				179FE24D1F67AD2800CB6DD7 /* SFMediator.m in Sources */,
				179FE2501F67AD6500CB6DD7 /* AppProtocol.h in Sources */,
				17F80577207F43D700E30404 /* UIApplication+SFAddMediator.m in Sources */,
				17710E2C1F5CE84000C69DF7 /* main.m in Sources */,
				179FE25C1F67AE6300CB6DD7 /* AppProtocolTarget.m in Sources */,
			);
			runOnlyForDeploymentPostprocessing = 0;
		};
/* End PBXSourcesBuildPhase section */

/* Begin PBXVariantGroup section */
		17710E331F5CE84000C69DF7 /* Main.storyboard */ = {
			isa = PBXVariantGroup;
			children = (
				17710E341F5CE84000C69DF7 /* Base */,
			);
			name = Main.storyboard;
			sourceTree = "<group>";
		};
		17710E381F5CE84000C69DF7 /* LaunchScreen.storyboard */ = {
			isa = PBXVariantGroup;
			children = (
				17710E391F5CE84000C69DF7 /* Base */,
			);
			name = LaunchScreen.storyboard;
			sourceTree = "<group>";
		};
/* End PBXVariantGroup section */

/* Begin XCBuildConfiguration section */
		17710E3C1F5CE84000C69DF7 /* Debug */ = {
			isa = XCBuildConfiguration;
			buildSettings = {
				ALWAYS_SEARCH_USER_PATHS = NO;
				CLANG_ANALYZER_NONNULL = YES;
				CLANG_CXX_LANGUAGE_STANDARD = "gnu++0x";
				CLANG_CXX_LIBRARY = "libc++";
				CLANG_ENABLE_MODULES = YES;
				CLANG_ENABLE_OBJC_ARC = YES;
				CLANG_WARN_BOOL_CONVERSION = YES;
				CLANG_WARN_CONSTANT_CONVERSION = YES;
				CLANG_WARN_DIRECT_OBJC_ISA_USAGE = YES_ERROR;
				CLANG_WARN_DOCUMENTATION_COMMENTS = YES;
				CLANG_WARN_EMPTY_BODY = YES;
				CLANG_WARN_ENUM_CONVERSION = YES;
				CLANG_WARN_INFINITE_RECURSION = YES;
				CLANG_WARN_INT_CONVERSION = YES;
				CLANG_WARN_OBJC_ROOT_CLASS = YES_ERROR;
				CLANG_WARN_SUSPICIOUS_MOVE = YES;
				CLANG_WARN_UNREACHABLE_CODE = YES;
				CLANG_WARN__DUPLICATE_METHOD_MATCH = YES;
				"CODE_SIGN_IDENTITY[sdk=iphoneos*]" = "iPhone Developer";
				COPY_PHASE_STRIP = NO;
				DEBUG_INFORMATION_FORMAT = dwarf;
				ENABLE_STRICT_OBJC_MSGSEND = YES;
				ENABLE_TESTABILITY = YES;
				GCC_C_LANGUAGE_STANDARD = gnu99;
				GCC_DYNAMIC_NO_PIC = NO;
				GCC_NO_COMMON_BLOCKS = YES;
				GCC_OPTIMIZATION_LEVEL = 0;
				GCC_PREPROCESSOR_DEFINITIONS = (
					"DEBUG=1",
					"$(inherited)",
				);
				GCC_WARN_64_TO_32_BIT_CONVERSION = YES;
				GCC_WARN_ABOUT_RETURN_TYPE = YES_ERROR;
				GCC_WARN_UNDECLARED_SELECTOR = YES;
				GCC_WARN_UNINITIALIZED_AUTOS = YES_AGGRESSIVE;
				GCC_WARN_UNUSED_FUNCTION = YES;
				GCC_WARN_UNUSED_VARIABLE = YES;
				IPHONEOS_DEPLOYMENT_TARGET = 10.2;
				MTL_ENABLE_DEBUG_INFO = YES;
				ONLY_ACTIVE_ARCH = YES;
				SDKROOT = iphoneos;
				TARGETED_DEVICE_FAMILY = "1,2";
			};
			name = Debug;
		};
		17710E3D1F5CE84000C69DF7 /* Release */ = {
			isa = XCBuildConfiguration;
			buildSettings = {
				ALWAYS_SEARCH_USER_PATHS = NO;
				CLANG_ANALYZER_NONNULL = YES;
				CLANG_CXX_LANGUAGE_STANDARD = "gnu++0x";
				CLANG_CXX_LIBRARY = "libc++";
				CLANG_ENABLE_MODULES = YES;
				CLANG_ENABLE_OBJC_ARC = YES;
				CLANG_WARN_BOOL_CONVERSION = YES;
				CLANG_WARN_CONSTANT_CONVERSION = YES;
				CLANG_WARN_DIRECT_OBJC_ISA_USAGE = YES_ERROR;
				CLANG_WARN_DOCUMENTATION_COMMENTS = YES;
				CLANG_WARN_EMPTY_BODY = YES;
				CLANG_WARN_ENUM_CONVERSION = YES;
				CLANG_WARN_INFINITE_RECURSION = YES;
				CLANG_WARN_INT_CONVERSION = YES;
				CLANG_WARN_OBJC_ROOT_CLASS = YES_ERROR;
				CLANG_WARN_SUSPICIOUS_MOVE = YES;
				CLANG_WARN_UNREACHABLE_CODE = YES;
				CLANG_WARN__DUPLICATE_METHOD_MATCH = YES;
				"CODE_SIGN_IDENTITY[sdk=iphoneos*]" = "iPhone Developer";
				COPY_PHASE_STRIP = NO;
				DEBUG_INFORMATION_FORMAT = "dwarf-with-dsym";
				ENABLE_NS_ASSERTIONS = NO;
				ENABLE_STRICT_OBJC_MSGSEND = YES;
				GCC_C_LANGUAGE_STANDARD = gnu99;
				GCC_NO_COMMON_BLOCKS = YES;
				GCC_WARN_64_TO_32_BIT_CONVERSION = YES;
				GCC_WARN_ABOUT_RETURN_TYPE = YES_ERROR;
				GCC_WARN_UNDECLARED_SELECTOR = YES;
				GCC_WARN_UNINITIALIZED_AUTOS = YES_AGGRESSIVE;
				GCC_WARN_UNUSED_FUNCTION = YES;
				GCC_WARN_UNUSED_VARIABLE = YES;
				IPHONEOS_DEPLOYMENT_TARGET = 10.2;
				MTL_ENABLE_DEBUG_INFO = NO;
				SDKROOT = iphoneos;
				TARGETED_DEVICE_FAMILY = "1,2";
				VALIDATE_PRODUCT = YES;
			};
			name = Release;
		};
		17710E3F1F5CE84000C69DF7 /* Debug */ = {
			isa = XCBuildConfiguration;
			buildSettings = {
				ASSETCATALOG_COMPILER_APPICON_NAME = AppIcon;
				INFOPLIST_FILE = SFMediator/Info.plist;
				LD_RUNPATH_SEARCH_PATHS = "$(inherited) @executable_path/Frameworks";
				PRODUCT_BUNDLE_IDENTIFIER = com.YunSL.SFMediator;
				PRODUCT_NAME = "$(TARGET_NAME)";
			};
			name = Debug;
		};
		17710E401F5CE84000C69DF7 /* Release */ = {
			isa = XCBuildConfiguration;
			buildSettings = {
				ASSETCATALOG_COMPILER_APPICON_NAME = AppIcon;
				INFOPLIST_FILE = SFMediator/Info.plist;
				LD_RUNPATH_SEARCH_PATHS = "$(inherited) @executable_path/Frameworks";
				PRODUCT_BUNDLE_IDENTIFIER = com.YunSL.SFMediator;
				PRODUCT_NAME = "$(TARGET_NAME)";
			};
			name = Release;
		};
/* End XCBuildConfiguration section */

/* Begin XCConfigurationList section */
		17710E221F5CE84000C69DF7 /* Build configuration list for PBXProject "SFMediator" */ = {
			isa = XCConfigurationList;
			buildConfigurations = (
				17710E3C1F5CE84000C69DF7 /* Debug */,
				17710E3D1F5CE84000C69DF7 /* Release */,
			);
			defaultConfigurationIsVisible = 0;
			defaultConfigurationName = Release;
		};
		17710E3E1F5CE84000C69DF7 /* Build configuration list for PBXNativeTarget "SFMediator" */ = {
			isa = XCConfigurationList;
			buildConfigurations = (
				17710E3F1F5CE84000C69DF7 /* Debug */,
				17710E401F5CE84000C69DF7 /* Release */,
			);
			defaultConfigurationIsVisible = 0;
			defaultConfigurationName = Release;
		};
/* End XCConfigurationList section */
	};
	rootObject = 17710E1F1F5CE84000C69DF7 /* Project object */;
}
